
Microsoft Visual Studio Solution File, Format Version 12.00
# Visual Studio Version 16
VisualStudioVersion = 16.0.31729.503
MinimumVisualStudioVersion = 10.0.40219.1
Project("{9A19103F-16F7-4668-BE54-9A1E7A4F7556}") = "GTExtractXMLMeterDatatoCSV", "GTExtractXMLMeterDataToCSV\GTExtractXMLMeterDatatoCSV.csproj", "{522EDD87-CD1C-4FBA-91DD-FFA7141A2177}"
EndProject
Project("{9A19103F-16F7-4668-BE54-9A1E7A4F7556}") = "GTExtractXMLMeterDatatoCSVUnitTest", "GTExtractXMLMeterDataToCSVUnitTest\GTExtractXMLMeterDatatoCSVUnitTest.csproj", "{233130CE-F720-4380-839D-1DB5346031DA}"
EndProject
Global
	GlobalSection(SolutionConfigurationPlatforms) = preSolution
		Debug|Any CPU = Debug|Any CPU
		Release|Any CPU = Release|Any CPU
	EndGlobalSection
	GlobalSection(ProjectConfigurationPlatforms) = postSolution
		{522EDD87-CD1C-4FBA-91DD-FFA7141A2177}.Debug|Any CPU.ActiveCfg = Debug|Any CPU
		{522EDD87-CD1C-4FBA-91DD-FFA7141A2177}.Debug|Any CPU.Build.0 = Debug|Any CPU
		{522EDD87-CD1C-4FBA-91DD-FFA7141A2177}.Release|Any CPU.ActiveCfg = Release|Any CPU
		{522EDD87-CD1C-4FBA-91DD-FFA7141A2177}.Release|Any CPU.Build.0 = Release|Any CPU
		{233130CE-F720-4380-839D-1DB5346031DA}.Debug|Any CPU.ActiveCfg = Debug|Any CPU
		{233130CE-F720-4380-839D-1DB5346031DA}.Debug|Any CPU.Build.0 = Debug|Any CPU
		{233130CE-F720-4380-839D-1DB5346031DA}.Release|Any CPU.ActiveCfg = Release|Any CPU
		{233130CE-F720-4380-839D-1DB5346031DA}.Release|Any CPU.Build.0 = Release|Any CPU
	EndGlobalSection
	GlobalSection(SolutionProperties) = preSolution
		HideSolutionNode = FALSE
	EndGlobalSection
	GlobalSection(ExtensibilityGlobals) = postSolution
		SolutionGuid = {A76838D8-1A0C-4A88-868F-2F82CC20BB3F}
	EndGlobalSection
EndGlobal
